{
    "name": "whisper-turbo",
    "version": "0.1.0",
    "lockfileVersion": 3,
    "requires": true,
    "packages": {
        "": {
            "name": "whisper-turbo",
            "version": "0.1.0",
            "dependencies": {
                "comlink": "4.3.1",
                "idb": "^7.1.1",
                "p-limit": "^4.0.0",
                "p-retry": "^5.1.2",
                "true-myth": "^6.2.0",
                "uuid": "^9.0.0"
            },
            "devDependencies": {
                "@types/node": "^14.11.2",
                "@types/uuid": "^9.0.1",
                "typescript": "~4.7.0"
            }
        },
        "node_modules/@types/node": {
            "version": "14.18.54",
            "resolved": "https://registry.npmjs.org/@types/node/-/node-14.18.54.tgz",
            "integrity": "sha512-uq7O52wvo2Lggsx1x21tKZgqkJpvwCseBBPtX/nKQfpVlEsLOb11zZ1CRsWUKvJF0+lzuA9jwvA7Pr2Wt7i3xw==",
            "dev": true
        },
        "node_modules/@types/retry": {
            "version": "0.12.1",
            "resolved": "https://registry.npmjs.org/@types/retry/-/retry-0.12.1.tgz",
            "integrity": "sha512-xoDlM2S4ortawSWORYqsdU+2rxdh4LRW9ytc3zmT37RIKQh6IHyKwwtKhKis9ah8ol07DCkZxPt8BBvPjC6v4g=="
        },
        "node_modules/@types/uuid": {
            "version": "9.0.2",
            "resolved": "https://registry.npmjs.org/@types/uuid/-/uuid-9.0.2.tgz",
            "integrity": "sha512-kNnC1GFBLuhImSnV7w4njQkUiJi0ZXUycu1rUaouPqiKlXkh77JKgdRnTAp1x5eBwcIwbtI+3otwzuIDEuDoxQ==",
            "dev": true
        },
        "node_modules/comlink": {
            "version": "4.3.1",
            "resolved": "https://registry.npmjs.org/comlink/-/comlink-4.3.1.tgz",
            "integrity": "sha512-+YbhUdNrpBZggBAHWcgQMLPLH1KDF3wJpeqrCKieWQ8RL7atmgsgTQko1XEBK6PsecfopWNntopJ+ByYG1lRaA=="
        },
        "node_modules/idb": {
            "version": "7.1.1",
            "resolved": "https://registry.npmjs.org/idb/-/idb-7.1.1.tgz",
            "integrity": "sha512-gchesWBzyvGHRO9W8tzUWFDycow5gwjvFKfyV9FF32Y7F50yZMp7mP+T2mJIWFx49zicqyC4uefHM17o6xKIVQ=="
        },
        "node_modules/p-limit": {
            "version": "4.0.0",
            "resolved": "https://registry.npmjs.org/p-limit/-/p-limit-4.0.0.tgz",
            "integrity": "sha512-5b0R4txpzjPWVw/cXXUResoD4hb6U/x9BH08L7nw+GN1sezDzPdxeRvpc9c433fZhBan/wusjbCsqwqm4EIBIQ==",
            "dependencies": {
                "yocto-queue": "^1.0.0"
            },
            "engines": {
                "node": "^12.20.0 || ^14.13.1 || >=16.0.0"
            },
            "funding": {
                "url": "https://github.com/sponsors/sindresorhus"
            }
        },
        "node_modules/p-retry": {
            "version": "5.1.2",
            "resolved": "https://registry.npmjs.org/p-retry/-/p-retry-5.1.2.tgz",
            "integrity": "sha512-couX95waDu98NfNZV+i/iLt+fdVxmI7CbrrdC2uDWfPdUAApyxT4wmDlyOtR5KtTDmkDO0zDScDjDou9YHhd9g==",
            "dependencies": {
                "@types/retry": "0.12.1",
                "retry": "^0.13.1"
            },
            "engines": {
                "node": "^12.20.0 || ^14.13.1 || >=16.0.0"
            },
            "funding": {
                "url": "https://github.com/sponsors/sindresorhus"
            }
        },
        "node_modules/retry": {
            "version": "0.13.1",
            "resolved": "https://registry.npmjs.org/retry/-/retry-0.13.1.tgz",
            "integrity": "sha512-XQBQ3I8W1Cge0Seh+6gjj03LbmRFWuoszgK9ooCpwYIrhhoO80pfq4cUkU5DkknwfOfFteRwlZ56PYOGYyFWdg==",
            "engines": {
                "node": ">= 4"
            }
        },
        "node_modules/true-myth": {
            "version": "6.2.0",
            "resolved": "https://registry.npmjs.org/true-myth/-/true-myth-6.2.0.tgz",
            "integrity": "sha512-NYvzj/h2mGXmdIBmz825c/lQhpI4bzUQEEiBCAbNOVpr6aeYa1WTpJ+OmGmj1yPqbTLPKCCSi54yDnaEup504Q==",
            "engines": {
                "node": "14.* || 16.* || >= 18.*"
            }
        },
        "node_modules/typescript": {
            "version": "4.7.4",
            "resolved": "https://registry.npmjs.org/typescript/-/typescript-4.7.4.tgz",
            "integrity": "sha512-C0WQT0gezHuw6AdY1M2jxUO83Rjf0HP7Sk1DtXj6j1EwkQNZrHAg2XPWlq62oqEhYvONq5pkC2Y9oPljWToLmQ==",
            "dev": true,
            "bin": {
                "tsc": "bin/tsc",
                "tsserver": "bin/tsserver"
            },
            "engines": {
                "node": ">=4.2.0"
            }
        },
        "node_modules/uuid": {
            "version": "9.0.0",
            "resolved": "https://registry.npmjs.org/uuid/-/uuid-9.0.0.tgz",
            "integrity": "sha512-MXcSTerfPa4uqyzStbRoTgt5XIe3x5+42+q1sDuy3R5MDk66URdLMOZe5aPX/SQd+kuYAh0FdP/pO28IkQyTeg==",
            "bin": {
                "uuid": "dist/bin/uuid"
            }
        },
        "node_modules/yocto-queue": {
            "version": "1.0.0",
            "resolved": "https://registry.npmjs.org/yocto-queue/-/yocto-queue-1.0.0.tgz",
            "integrity": "sha512-9bnSc/HEW2uRy67wc+T8UwauLuPJVn28jb+GtJY16iiKWyvmYJRXVT4UamsAEGQfPohgr2q4Tq0sQbQlxTfi1g==",
            "engines": {
                "node": ">=12.20"
            },
            "funding": {
                "url": "https://github.com/sponsors/sindresorhus"
            }
        }
    }
}
